
Microsoft Visual Studio Solution File, Format Version 12.00
# Visual Studio 15
VisualStudioVersion = 15.0.27703.2000
MinimumVisualStudioVersion = 10.0.40219.1
Project("{888888A0-9F3D-457C-B088-3A5042F75D52}") = "VideoFixer", "VideoFixer\VideoFixer.pyproj", "{4A101124-6976-4664-88A2-EC132E0D1624}"
EndProject
Global
	GlobalSection(SolutionConfigurationPlatforms) = preSolution
		Debug|Any CPU = Debug|Any CPU
		Release|Any CPU = Release|Any CPU
	EndGlobalSection
	GlobalSection(ProjectConfigurationPlatforms) = postSolution
		{4A101124-6976-4664-88A2-EC132E0D1624}.Debug|Any CPU.ActiveCfg = Debug|Any CPU
		{4A101124-6976-4664-88A2-EC132E0D1624}.Release|Any CPU.ActiveCfg = Release|Any CPU
	EndGlobalSection
	GlobalSection(SolutionProperties) = preSolution
		HideSolutionNode = FALSE
	EndGlobalSection
	GlobalSection(ExtensibilityGlobals) = postSolution
		SolutionGuid = {833BF7DC-CE82-401A-8C38-DB42F5466EF7}
	EndGlobalSection
EndGlobal
